
Microsoft Visual Studio Solution File, Format Version 12.00
# Visual Studio Version 17
VisualStudioVersion = 17.8.34525.116
MinimumVisualStudioVersion = 10.0.40219.1
Project("{FAE04EC0-301F-11D3-BF4B-00C04F79EFBC}") = "LinkedListLearning", "LinkedListLearning\LinkedListLearning.csproj", "{F665C348-F93B-4B1A-81CA-911B99359A40}"
EndProject
Global
	GlobalSection(SolutionConfigurationPlatforms) = preSolution
		Debug|Any CPU = Debug|Any CPU
		Release|Any CPU = Release|Any CPU
	EndGlobalSection
	GlobalSection(ProjectConfigurationPlatforms) = postSolution
		{F665C348-F93B-4B1A-81CA-911B99359A40}.Debug|Any CPU.ActiveCfg = Debug|Any CPU
		{F665C348-F93B-4B1A-81CA-911B99359A40}.Debug|Any CPU.Build.0 = Debug|Any CPU
		{F665C348-F93B-4B1A-81CA-911B99359A40}.Release|Any CPU.ActiveCfg = Release|Any CPU
		{F665C348-F93B-4B1A-81CA-911B99359A40}.Release|Any CPU.Build.0 = Release|Any CPU
	EndGlobalSection
	GlobalSection(SolutionProperties) = preSolution
		HideSolutionNode = FALSE
	EndGlobalSection
	GlobalSection(ExtensibilityGlobals) = postSolution
		SolutionGuid = {03B61CF7-B760-4540-A63B-FD2C3562368C}
	EndGlobalSection
EndGlobal
